{
  "name": "Tokenization",
  "lockfileVersion": 2,
  "requires": true,
  "packages": {
    "": {
      "dependencies": {
        "@openzeppelin/contracts": "^4.4.0-rc.1"
      }
    },
    "node_modules/@openzeppelin/contracts": {
      "version": "4.4.0-rc.1",
      "resolved": "https://registry.npmjs.org/@openzeppelin/contracts/-/contracts-4.4.0-rc.1.tgz",
      "integrity": "sha512-45krr970Q7Q6aax2v6TwrT91Cif2XGZrBPmjQ7UtcSwGDqlinvC2qDw3jMtH/fAQTpZkzPplfEV6ru26ub6NbA=="
    }
  },
  "dependencies": {
    "@openzeppelin/contracts": {
      "version": "4.4.0-rc.1",
      "resolved": "https://registry.npmjs.org/@openzeppelin/contracts/-/contracts-4.4.0-rc.1.tgz",
      "integrity": "sha512-45krr970Q7Q6aax2v6TwrT91Cif2XGZrBPmjQ7UtcSwGDqlinvC2qDw3jMtH/fAQTpZkzPplfEV6ru26ub6NbA=="
    }
  }
}
